
Microsoft Visual Studio Solution File, Format Version 12.00
# Visual Studio Version 16
VisualStudioVersion = 16.0.30114.105
MinimumVisualStudioVersion = 10.0.40219.1
Project("{9A19103F-16F7-4668-BE54-9A1E7A4F7556}") = "DiscordBot", "DiscordBot\DiscordBot.csproj", "{A2058284-C973-44F8-B072-8714C1076F60}"
EndProject
Project("{9A19103F-16F7-4668-BE54-9A1E7A4F7556}") = "DiscordBot.Modules", "DiscordBot.Modules\DiscordBot.Modules.csproj", "{226D289A-50D2-414B-A309-84E7E6FB32BF}"
EndProject
Project("{9A19103F-16F7-4668-BE54-9A1E7A4F7556}") = "DiscordBot.Domain", "DiscordBot.Domain\DiscordBot.Domain.csproj", "{9288A8DF-8C50-41C8-86BE-28D931175375}"
EndProject
Project("{2150E333-8FDC-42A3-9474-1A3956D46DE8}") = "Misc", "Misc", "{A1D0BFCB-B984-4BC8-B1E9-E9A36970E5B0}"
EndProject
Project("{9A19103F-16F7-4668-BE54-9A1E7A4F7556}") = "Playground", "Misc\Playground\Playground.csproj", "{15AE844A-87C2-4160-B33D-26A966B3B8EA}"
EndProject
Project("{FAE04EC0-301F-11D3-BF4B-00C04F79EFBC}") = "lib-rcon", "Includes\lib-rcon\lib-rcon.csproj", "{08D4F035-0488-4348-B8D5-3F38D7F757A3}"
EndProject
Project("{FAE04EC0-301F-11D3-BF4B-00C04F79EFBC}") = "DiscordBot.CoderDojoInfoModule", "DiscordBot.CoderDojoInfoModule\DiscordBot.CoderDojoInfoModule.csproj", "{C48DF2EF-B0E0-46A0-8257-228F84F4BB16}"
EndProject
Global
	GlobalSection(SolutionConfigurationPlatforms) = preSolution
		Debug|Any CPU = Debug|Any CPU
		Release|Any CPU = Release|Any CPU
	EndGlobalSection
	GlobalSection(ProjectConfigurationPlatforms) = postSolution
		{A2058284-C973-44F8-B072-8714C1076F60}.Debug|Any CPU.ActiveCfg = Debug|Any CPU
		{A2058284-C973-44F8-B072-8714C1076F60}.Debug|Any CPU.Build.0 = Debug|Any CPU
		{A2058284-C973-44F8-B072-8714C1076F60}.Release|Any CPU.ActiveCfg = Release|Any CPU
		{A2058284-C973-44F8-B072-8714C1076F60}.Release|Any CPU.Build.0 = Release|Any CPU
		{226D289A-50D2-414B-A309-84E7E6FB32BF}.Debug|Any CPU.ActiveCfg = Debug|Any CPU
		{226D289A-50D2-414B-A309-84E7E6FB32BF}.Debug|Any CPU.Build.0 = Debug|Any CPU
		{226D289A-50D2-414B-A309-84E7E6FB32BF}.Release|Any CPU.ActiveCfg = Release|Any CPU
		{226D289A-50D2-414B-A309-84E7E6FB32BF}.Release|Any CPU.Build.0 = Release|Any CPU
		{9288A8DF-8C50-41C8-86BE-28D931175375}.Debug|Any CPU.ActiveCfg = Debug|Any CPU
		{9288A8DF-8C50-41C8-86BE-28D931175375}.Debug|Any CPU.Build.0 = Debug|Any CPU
		{9288A8DF-8C50-41C8-86BE-28D931175375}.Release|Any CPU.ActiveCfg = Release|Any CPU
		{9288A8DF-8C50-41C8-86BE-28D931175375}.Release|Any CPU.Build.0 = Release|Any CPU
		{15AE844A-87C2-4160-B33D-26A966B3B8EA}.Debug|Any CPU.ActiveCfg = Debug|Any CPU
		{15AE844A-87C2-4160-B33D-26A966B3B8EA}.Debug|Any CPU.Build.0 = Debug|Any CPU
		{15AE844A-87C2-4160-B33D-26A966B3B8EA}.Release|Any CPU.ActiveCfg = Release|Any CPU
		{15AE844A-87C2-4160-B33D-26A966B3B8EA}.Release|Any CPU.Build.0 = Release|Any CPU
		{08D4F035-0488-4348-B8D5-3F38D7F757A3}.Debug|Any CPU.ActiveCfg = Debug|Any CPU
		{08D4F035-0488-4348-B8D5-3F38D7F757A3}.Debug|Any CPU.Build.0 = Debug|Any CPU
		{08D4F035-0488-4348-B8D5-3F38D7F757A3}.Release|Any CPU.ActiveCfg = Release|Any CPU
		{08D4F035-0488-4348-B8D5-3F38D7F757A3}.Release|Any CPU.Build.0 = Release|Any CPU
		{C48DF2EF-B0E0-46A0-8257-228F84F4BB16}.Debug|Any CPU.ActiveCfg = Debug|Any CPU
		{C48DF2EF-B0E0-46A0-8257-228F84F4BB16}.Debug|Any CPU.Build.0 = Debug|Any CPU
		{C48DF2EF-B0E0-46A0-8257-228F84F4BB16}.Release|Any CPU.ActiveCfg = Release|Any CPU
		{C48DF2EF-B0E0-46A0-8257-228F84F4BB16}.Release|Any CPU.Build.0 = Release|Any CPU
	EndGlobalSection
	GlobalSection(SolutionProperties) = preSolution
		HideSolutionNode = FALSE
	EndGlobalSection
	GlobalSection(NestedProjects) = preSolution
		{15AE844A-87C2-4160-B33D-26A966B3B8EA} = {A1D0BFCB-B984-4BC8-B1E9-E9A36970E5B0}
		{08D4F035-0488-4348-B8D5-3F38D7F757A3} = {A1D0BFCB-B984-4BC8-B1E9-E9A36970E5B0}
	EndGlobalSection
	GlobalSection(ExtensibilityGlobals) = postSolution
		SolutionGuid = {B9A1E29E-BFC1-4F4B-BCF6-5A5A199E072E}
	EndGlobalSection
EndGlobal
